// !$*UTF8*$!
{
	archiveVersion = 1;
	classes = {
	};
	objectVersion = 50;
	objects = {

/* Begin PBXBuildFile section */
		45903176247D00A70044D26B /* AppDelegate.swift in Sources */ = {isa = PBXBuildFile; fileRef = 45903175247D00A70044D26B /* AppDelegate.swift */; };
		45903178247D00A70044D26B /* ViewController.swift in Sources */ = {isa = PBXBuildFile; fileRef = 45903177247D00A70044D26B /* ViewController.swift */; };
		4590317B247D00A70044D26B /* Main.storyboard in Resources */ = {isa = PBXBuildFile; fileRef = 45903179247D00A70044D26B /* Main.storyboard */; };
		4590317D247D00A80044D26B /* Assets.xcassets in Resources */ = {isa = PBXBuildFile; fileRef = 4590317C247D00A80044D26B /* Assets.xcassets */; };
		45903180247D00A80044D26B /* LaunchScreen.storyboard in Resources */ = {isa = PBXBuildFile; fileRef = 4590317E247D00A80044D26B /* LaunchScreen.storyboard */; };
		C8FAD340167411491A8DD46B /* Pods_MySliderCards_ImageSlides_.framework in Frameworks */ = {isa = PBXBuildFile; fileRef = DDA3445D9AB814342A1BF014 /* Pods_MySliderCards_ImageSlides_.framework */; };
/* End PBXBuildFile section */

/* Begin PBXFileReference section */
		04DCC66F4BAB1852B154758F /* Pods-MySliderCards(ImageSlides).release.xcconfig */ = {isa = PBXFileReference; includeInIndex = 1; lastKnownFileType = text.xcconfig; name = "Pods-MySliderCards(ImageSlides).release.xcconfig"; path = "Target Support Files/Pods-MySliderCards(ImageSlides)/Pods-MySliderCards(ImageSlides).release.xcconfig"; sourceTree = "<group>"; };
		45903172247D00A70044D26B /* MySliderCards(ImageSlides).app */ = {isa = PBXFileReference; explicitFileType = wrapper.application; includeInIndex = 0; path = "MySliderCards(ImageSlides).app"; sourceTree = BUILT_PRODUCTS_DIR; };
		45903175247D00A70044D26B /* AppDelegate.swift */ = {isa = PBXFileReference; lastKnownFileType = sourcecode.swift; path = AppDelegate.swift; sourceTree = "<group>"; };
		45903177247D00A70044D26B /* ViewController.swift */ = {isa = PBXFileReference; lastKnownFileType = sourcecode.swift; path = ViewController.swift; sourceTree = "<group>"; };
		4590317A247D00A70044D26B /* Base */ = {isa = PBXFileReference; lastKnownFileType = file.storyboard; name = Base; path = Base.lproj/Main.storyboard; sourceTree = "<group>"; };
		4590317C247D00A80044D26B /* Assets.xcassets */ = {isa = PBXFileReference; lastKnownFileType = folder.assetcatalog; path = Assets.xcassets; sourceTree = "<group>"; };
		4590317F247D00A80044D26B /* Base */ = {isa = PBXFileReference; lastKnownFileType = file.storyboard; name = Base; path = Base.lproj/LaunchScreen.storyboard; sourceTree = "<group>"; };
		45903181247D00A80044D26B /* Info.plist */ = {isa = PBXFileReference; lastKnownFileType = text.plist.xml; path = Info.plist; sourceTree = "<group>"; };
		D083A7822A49541255BA76AC /* Pods-MySliderCards(ImageSlides).debug.xcconfig */ = {isa = PBXFileReference; includeInIndex = 1; lastKnownFileType = text.xcconfig; name = "Pods-MySliderCards(ImageSlides).debug.xcconfig"; path = "Target Support Files/Pods-MySliderCards(ImageSlides)/Pods-MySliderCards(ImageSlides).debug.xcconfig"; sourceTree = "<group>"; };
		DDA3445D9AB814342A1BF014 /* Pods_MySliderCards_ImageSlides_.framework */ = {isa = PBXFileReference; explicitFileType = wrapper.framework; includeInIndex = 0; path = Pods_MySliderCards_ImageSlides_.framework; sourceTree = BUILT_PRODUCTS_DIR; };
/* End PBXFileReference section */

/* Begin PBXFrameworksBuildPhase section */
		4590316F247D00A70044D26B /* Frameworks */ = {
			isa = PBXFrameworksBuildPhase;
			buildActionMask = 2147483647;
			files = (
				C8FAD340167411491A8DD46B /* Pods_MySliderCards_ImageSlides_.framework in Frameworks */,
			);
			runOnlyForDeploymentPostprocessing = 0;
		};
/* End PBXFrameworksBuildPhase section */

/* Begin PBXGroup section */
		1A9EE20A45543DB42F1D7381 /* Pods */ = {
			isa = PBXGroup;
			children = (
				D083A7822A49541255BA76AC /* Pods-MySliderCards(ImageSlides).debug.xcconfig */,
				04DCC66F4BAB1852B154758F /* Pods-MySliderCards(ImageSlides).release.xcconfig */,
			);
			name = Pods;
			path = Pods;
			sourceTree = "<group>";
		};
		45903169247D00A70044D26B = {
			isa = PBXGroup;
			children = (
				45903174247D00A70044D26B /* MySliderCards(ImageSlides) */,
				45903173247D00A70044D26B /* Products */,
				1A9EE20A45543DB42F1D7381 /* Pods */,
				B0FCF521276143B3167B7183 /* Frameworks */,
			);
			sourceTree = "<group>";
		};
		45903173247D00A70044D26B /* Products */ = {
			isa = PBXGroup;
			children = (
				45903172247D00A70044D26B /* MySliderCards(ImageSlides).app */,
			);
			name = Products;
			sourceTree = "<group>";
		};
		45903174247D00A70044D26B /* MySliderCards(ImageSlides) */ = {
			isa = PBXGroup;
			children = (
				45903175247D00A70044D26B /* AppDelegate.swift */,
				45903177247D00A70044D26B /* ViewController.swift */,
				45903179247D00A70044D26B /* Main.storyboard */,
				4590317C247D00A80044D26B /* Assets.xcassets */,
				4590317E247D00A80044D26B /* LaunchScreen.storyboard */,
				45903181247D00A80044D26B /* Info.plist */,
			);
			path = "MySliderCards(ImageSlides)";
			sourceTree = "<group>";
		};
		B0FCF521276143B3167B7183 /* Frameworks */ = {
			isa = PBXGroup;
			children = (
				DDA3445D9AB814342A1BF014 /* Pods_MySliderCards_ImageSlides_.framework */,
			);
			name = Frameworks;
			sourceTree = "<group>";
		};
/* End PBXGroup section */

/* Begin PBXNativeTarget section */
		45903171247D00A70044D26B /* MySliderCards(ImageSlides) */ = {
			isa = PBXNativeTarget;
			buildConfigurationList = 45903184247D00A80044D26B /* Build configuration list for PBXNativeTarget "MySliderCards(ImageSlides)" */;
			buildPhases = (
				1FF8E2EDC911EF123E56AA80 /* [CP] Check Pods Manifest.lock */,
				4590316E247D00A70044D26B /* Sources */,
				4590316F247D00A70044D26B /* Frameworks */,
				45903170247D00A70044D26B /* Resources */,
				A6B55940063657E2902ED1B0 /* [CP] Embed Pods Frameworks */,
			);
			buildRules = (
			);
			dependencies = (
			);
			name = "MySliderCards(ImageSlides)";
			productName = "MySliderCards(ImageSlides)";
			productReference = 45903172247D00A70044D26B /* MySliderCards(ImageSlides).app */;
			productType = "com.apple.product-type.application";
		};
/* End PBXNativeTarget section */

/* Begin PBXProject section */
		4590316A247D00A70044D26B /* Project object */ = {
			isa = PBXProject;
			attributes = {
				LastSwiftUpdateCheck = 1030;
				LastUpgradeCheck = 1030;
				ORGANIZATIONNAME = vikas;
				TargetAttributes = {
					45903171247D00A70044D26B = {
						CreatedOnToolsVersion = 10.3;
					};
				};
			};
			buildConfigurationList = 4590316D247D00A70044D26B /* Build configuration list for PBXProject "MySliderCards(ImageSlides)" */;
			compatibilityVersion = "Xcode 9.3";
			developmentRegion = en;
			hasScannedForEncodings = 0;
			knownRegions = (
				en,
				Base,
			);
			mainGroup = 45903169247D00A70044D26B;
			productRefGroup = 45903173247D00A70044D26B /* Products */;
			projectDirPath = "";
			projectRoot = "";
			targets = (
				45903171247D00A70044D26B /* MySliderCards(ImageSlides) */,
			);
		};
/* End PBXProject section */

/* Begin PBXResourcesBuildPhase section */
		45903170247D00A70044D26B /* Resources */ = {
			isa = PBXResourcesBuildPhase;
			buildActionMask = 2147483647;
			files = (
				45903180247D00A80044D26B /* LaunchScreen.storyboard in Resources */,
				4590317D247D00A80044D26B /* Assets.xcassets in Resources */,
				4590317B247D00A70044D26B /* Main.storyboard in Resources */,
			);
			runOnlyForDeploymentPostprocessing = 0;
		};
/* End PBXResourcesBuildPhase section */

/* Begin PBXShellScriptBuildPhase section */
		1FF8E2EDC911EF123E56AA80 /* [CP] Check Pods Manifest.lock */ = {
			isa = PBXShellScriptBuildPhase;
			buildActionMask = 2147483647;
			files = (
			);
			inputFileListPaths = (
			);
			inputPaths = (
				"${PODS_PODFILE_DIR_PATH}/Podfile.lock",
				"${PODS_ROOT}/Manifest.lock",
			);
			name = "[CP] Check Pods Manifest.lock";
			outputFileListPaths = (
			);
			outputPaths = (
				"$(DERIVED_FILE_DIR)/Pods-MySliderCards(ImageSlides)-checkManifestLockResult.txt",
			);
			runOnlyForDeploymentPostprocessing = 0;
			shellPath = /bin/sh;
			shellScript = "diff \"${PODS_PODFILE_DIR_PATH}/Podfile.lock\" \"${PODS_ROOT}/Manifest.lock\" > /dev/null\nif [ $? != 0 ] ; then\n    # print error to STDERR\n    echo \"error: The sandbox is not in sync with the Podfile.lock. Run 'pod install' or update your CocoaPods installation.\" >&2\n    exit 1\nfi\n# This output is used by Xcode 'outputs' to avoid re-running this script phase.\necho \"SUCCESS\" > \"${SCRIPT_OUTPUT_FILE_0}\"\n";
			showEnvVarsInLog = 0;
		};
		A6B55940063657E2902ED1B0 /* [CP] Embed Pods Frameworks */ = {
			isa = PBXShellScriptBuildPhase;
			buildActionMask = 2147483647;
			files = (
			);
			inputFileListPaths = (
				"${PODS_ROOT}/Target Support Files/Pods-MySliderCards(ImageSlides)/Pods-MySliderCards(ImageSlides)-frameworks-${CONFIGURATION}-input-files.xcfilelist",
			);
			name = "[CP] Embed Pods Frameworks";
			outputFileListPaths = (
				"${PODS_ROOT}/Target Support Files/Pods-MySliderCards(ImageSlides)/Pods-MySliderCards(ImageSlides)-frameworks-${CONFIGURATION}-output-files.xcfilelist",
			);
			runOnlyForDeploymentPostprocessing = 0;
			shellPath = /bin/sh;
			shellScript = "\"${PODS_ROOT}/Target Support Files/Pods-MySliderCards(ImageSlides)/Pods-MySliderCards(ImageSlides)-frameworks.sh\"\n";
			showEnvVarsInLog = 0;
		};
/* End PBXShellScriptBuildPhase section */

/* Begin PBXSourcesBuildPhase section */
		4590316E247D00A70044D26B /* Sources */ = {
			isa = PBXSourcesBuildPhase;
			buildActionMask = 2147483647;
			files = (
				45903178247D00A70044D26B /* ViewController.swift in Sources */,
				45903176247D00A70044D26B /* AppDelegate.swift in Sources */,
			);
			runOnlyForDeploymentPostprocessing = 0;
		};
/* End PBXSourcesBuildPhase section */

/* Begin PBXVariantGroup section */
		45903179247D00A70044D26B /* Main.storyboard */ = {
			isa = PBXVariantGroup;
			children = (
				4590317A247D00A70044D26B /* Base */,
			);
			name = Main.storyboard;
			sourceTree = "<group>";
		};
		4590317E247D00A80044D26B /* LaunchScreen.storyboard */ = {
			isa = PBXVariantGroup;
			children = (
				4590317F247D00A80044D26B /* Base */,
			);
			name = LaunchScreen.storyboard;
			sourceTree = "<group>";
		};
/* End PBXVariantGroup section */

/* Begin XCBuildConfiguration section */
		45903182247D00A80044D26B /* Debug */ = {
			isa = XCBuildConfiguration;
			buildSettings = {
				ALWAYS_SEARCH_USER_PATHS = NO;
				CLANG_ANALYZER_NONNULL = YES;
				CLANG_ANALYZER_NUMBER_OBJECT_CONVERSION = YES_AGGRESSIVE;
				CLANG_CXX_LANGUAGE_STANDARD = "gnu++14";
				CLANG_CXX_LIBRARY = "libc++";
				CLANG_ENABLE_MODULES = YES;
				CLANG_ENABLE_OBJC_ARC = YES;
				CLANG_ENABLE_OBJC_WEAK = YES;
				CLANG_WARN_BLOCK_CAPTURE_AUTORELEASING = YES;
				CLANG_WARN_BOOL_CONVERSION = YES;
				CLANG_WARN_COMMA = YES;
				CLANG_WARN_CONSTANT_CONVERSION = YES;
				CLANG_WARN_DEPRECATED_OBJC_IMPLEMENTATIONS = YES;
				CLANG_WARN_DIRECT_OBJC_ISA_USAGE = YES_ERROR;
				CLANG_WARN_DOCUMENTATION_COMMENTS = YES;
				CLANG_WARN_EMPTY_BODY = YES;
				CLANG_WARN_ENUM_CONVERSION = YES;
				CLANG_WARN_INFINITE_RECURSION = YES;
				CLANG_WARN_INT_CONVERSION = YES;
				CLANG_WARN_NON_LITERAL_NULL_CONVERSION = YES;
				CLANG_WARN_OBJC_IMPLICIT_RETAIN_SELF = YES;
				CLANG_WARN_OBJC_LITERAL_CONVERSION = YES;
				CLANG_WARN_OBJC_ROOT_CLASS = YES_ERROR;
				CLANG_WARN_RANGE_LOOP_ANALYSIS = YES;
				CLANG_WARN_STRICT_PROTOTYPES = YES;
				CLANG_WARN_SUSPICIOUS_MOVE = YES;
				CLANG_WARN_UNGUARDED_AVAILABILITY = YES_AGGRESSIVE;
				CLANG_WARN_UNREACHABLE_CODE = YES;
				CLANG_WARN__DUPLICATE_METHOD_MATCH = YES;
				CODE_SIGN_IDENTITY = "iPhone Developer";
				COPY_PHASE_STRIP = NO;
				DEBUG_INFORMATION_FORMAT = dwarf;
				ENABLE_STRICT_OBJC_MSGSEND = YES;
				ENABLE_TESTABILITY = YES;
				GCC_C_LANGUAGE_STANDARD = gnu11;
				GCC_DYNAMIC_NO_PIC = NO;
				GCC_NO_COMMON_BLOCKS = YES;
				GCC_OPTIMIZATION_LEVEL = 0;
				GCC_PREPROCESSOR_DEFINITIONS = (
					"DEBUG=1",
					"$(inherited)",
				);
				GCC_WARN_64_TO_32_BIT_CONVERSION = YES;
				GCC_WARN_ABOUT_RETURN_TYPE = YES_ERROR;
				GCC_WARN_UNDECLARED_SELECTOR = YES;
				GCC_WARN_UNINITIALIZED_AUTOS = YES_AGGRESSIVE;
				GCC_WARN_UNUSED_FUNCTION = YES;
				GCC_WARN_UNUSED_VARIABLE = YES;
				IPHONEOS_DEPLOYMENT_TARGET = 12.4;
				MTL_ENABLE_DEBUG_INFO = INCLUDE_SOURCE;
				MTL_FAST_MATH = YES;
				ONLY_ACTIVE_ARCH = YES;
				SDKROOT = iphoneos;
				SWIFT_ACTIVE_COMPILATION_CONDITIONS = DEBUG;
				SWIFT_OPTIMIZATION_LEVEL = "-Onone";
			};
			name = Debug;
		};
		45903183247D00A80044D26B /* Release */ = {
			isa = XCBuildConfiguration;
			buildSettings = {
				ALWAYS_SEARCH_USER_PATHS = NO;
				CLANG_ANALYZER_NONNULL = YES;
				CLANG_ANALYZER_NUMBER_OBJECT_CONVERSION = YES_AGGRESSIVE;
				CLANG_CXX_LANGUAGE_STANDARD = "gnu++14";
				CLANG_CXX_LIBRARY = "libc++";
				CLANG_ENABLE_MODULES = YES;
				CLANG_ENABLE_OBJC_ARC = YES;
				CLANG_ENABLE_OBJC_WEAK = YES;
				CLANG_WARN_BLOCK_CAPTURE_AUTORELEASING = YES;
				CLANG_WARN_BOOL_CONVERSION = YES;
				CLANG_WARN_COMMA = YES;
				CLANG_WARN_CONSTANT_CONVERSION = YES;
				CLANG_WARN_DEPRECATED_OBJC_IMPLEMENTATIONS = YES;
				CLANG_WARN_DIRECT_OBJC_ISA_USAGE = YES_ERROR;
				CLANG_WARN_DOCUMENTATION_COMMENTS = YES;
				CLANG_WARN_EMPTY_BODY = YES;
				CLANG_WARN_ENUM_CONVERSION = YES;
				CLANG_WARN_INFINITE_RECURSION = YES;
				CLANG_WARN_INT_CONVERSION = YES;
				CLANG_WARN_NON_LITERAL_NULL_CONVERSION = YES;
				CLANG_WARN_OBJC_IMPLICIT_RETAIN_SELF = YES;
				CLANG_WARN_OBJC_LITERAL_CONVERSION = YES;
				CLANG_WARN_OBJC_ROOT_CLASS = YES_ERROR;
				CLANG_WARN_RANGE_LOOP_ANALYSIS = YES;
				CLANG_WARN_STRICT_PROTOTYPES = YES;
				CLANG_WARN_SUSPICIOUS_MOVE = YES;
				CLANG_WARN_UNGUARDED_AVAILABILITY = YES_AGGRESSIVE;
				CLANG_WARN_UNREACHABLE_CODE = YES;
				CLANG_WARN__DUPLICATE_METHOD_MATCH = YES;
				CODE_SIGN_IDENTITY = "iPhone Developer";
				COPY_PHASE_STRIP = NO;
				DEBUG_INFORMATION_FORMAT = "dwarf-with-dsym";
				ENABLE_NS_ASSERTIONS = NO;
				ENABLE_STRICT_OBJC_MSGSEND = YES;
				GCC_C_LANGUAGE_STANDARD = gnu11;
				GCC_NO_COMMON_BLOCKS = YES;
				GCC_WARN_64_TO_32_BIT_CONVERSION = YES;
				GCC_WARN_ABOUT_RETURN_TYPE = YES_ERROR;
				GCC_WARN_UNDECLARED_SELECTOR = YES;
				GCC_WARN_UNINITIALIZED_AUTOS = YES_AGGRESSIVE;
				GCC_WARN_UNUSED_FUNCTION = YES;
				GCC_WARN_UNUSED_VARIABLE = YES;
				IPHONEOS_DEPLOYMENT_TARGET = 12.4;
				MTL_ENABLE_DEBUG_INFO = NO;
				MTL_FAST_MATH = YES;
				SDKROOT = iphoneos;
				SWIFT_COMPILATION_MODE = wholemodule;
				SWIFT_OPTIMIZATION_LEVEL = "-O";
				VALIDATE_PRODUCT = YES;
			};
			name = Release;
		};
		45903185247D00A80044D26B /* Debug */ = {
			isa = XCBuildConfiguration;
			baseConfigurationReference = D083A7822A49541255BA76AC /* Pods-MySliderCards(ImageSlides).debug.xcconfig */;
			buildSettings = {
				ASSETCATALOG_COMPILER_APPICON_NAME = AppIcon;
				CODE_SIGN_STYLE = Automatic;
				INFOPLIST_FILE = "MySliderCards(ImageSlides)/Info.plist";
				LD_RUNPATH_SEARCH_PATHS = (
					"$(inherited)",
					"@executable_path/Frameworks",
				);
				PRODUCT_BUNDLE_IDENTIFIER = "com.MySliderCards-ImageSlides-";
				PRODUCT_NAME = "$(TARGET_NAME)";
				SWIFT_VERSION = 5.0;
				TARGETED_DEVICE_FAMILY = "1,2";
			};
			name = Debug;
		};
		45903186247D00A80044D26B /* Release */ = {
			isa = XCBuildConfiguration;
			baseConfigurationReference = 04DCC66F4BAB1852B154758F /* Pods-MySliderCards(ImageSlides).release.xcconfig */;
			buildSettings = {
				ASSETCATALOG_COMPILER_APPICON_NAME = AppIcon;
				CODE_SIGN_STYLE = Automatic;
				INFOPLIST_FILE = "MySliderCards(ImageSlides)/Info.plist";
				LD_RUNPATH_SEARCH_PATHS = (
					"$(inherited)",
					"@executable_path/Frameworks",
				);
				PRODUCT_BUNDLE_IDENTIFIER = "com.MySliderCards-ImageSlides-";
				PRODUCT_NAME = "$(TARGET_NAME)";
				SWIFT_VERSION = 5.0;
				TARGETED_DEVICE_FAMILY = "1,2";
			};
			name = Release;
		};
/* End XCBuildConfiguration section */

/* Begin XCConfigurationList section */
		4590316D247D00A70044D26B /* Build configuration list for PBXProject "MySliderCards(ImageSlides)" */ = {
			isa = XCConfigurationList;
			buildConfigurations = (
				45903182247D00A80044D26B /* Debug */,
				45903183247D00A80044D26B /* Release */,
			);
			defaultConfigurationIsVisible = 0;
			defaultConfigurationName = Release;
		};
		45903184247D00A80044D26B /* Build configuration list for PBXNativeTarget "MySliderCards(ImageSlides)" */ = {
			isa = XCConfigurationList;
			buildConfigurations = (
				45903185247D00A80044D26B /* Debug */,
				45903186247D00A80044D26B /* Release */,
			);
			defaultConfigurationIsVisible = 0;
			defaultConfigurationName = Release;
		};
/* End XCConfigurationList section */
	};
	rootObject = 4590316A247D00A70044D26B /* Project object */;
}
